
Microsoft Visual Studio Solution File, Format Version 12.00
# Visual Studio Version 17
VisualStudioVersion = 17.9.34728.123
MinimumVisualStudioVersion = 10.0.40219.1
Project("{FAE04EC0-301F-11D3-BF4B-00C04F79EFBC}") = "ProAcitiveNet8Api", "ProAcitiveNet8Api\ProAcitiveNet8Api.csproj", "{0D44122A-152E-4821-B483-8337AFE00702}"
EndProject
Global
	GlobalSection(SolutionConfigurationPlatforms) = preSolution
		Debug|Any CPU = Debug|Any CPU
		Release|Any CPU = Release|Any CPU
	EndGlobalSection
	GlobalSection(ProjectConfigurationPlatforms) = postSolution
		{0D44122A-152E-4821-B483-8337AFE00702}.Debug|Any CPU.ActiveCfg = Debug|Any CPU
		{0D44122A-152E-4821-B483-8337AFE00702}.Debug|Any CPU.Build.0 = Debug|Any CPU
		{0D44122A-152E-4821-B483-8337AFE00702}.Release|Any CPU.ActiveCfg = Release|Any CPU
		{0D44122A-152E-4821-B483-8337AFE00702}.Release|Any CPU.Build.0 = Release|Any CPU
	EndGlobalSection
	GlobalSection(SolutionProperties) = preSolution
		HideSolutionNode = FALSE
	EndGlobalSection
	GlobalSection(ExtensibilityGlobals) = postSolution
		SolutionGuid = {6BD92762-32C3-4BE7-96B0-E9120D28ECFC}
	EndGlobalSection
EndGlobal
